{
    "_readme": [
        "This file locks the dependencies of your project to a known state",
        "Read more about it at http://getcomposer.org/doc/01-basic-usage.md#composer-lock-the-lock-file"
    ],
    "hash": "b6dbcfe308f618f6231d200c5daac7d0",
    "packages": [
        {
            "name": "dg/adminer-custom",
            "version": "v1.0.0",
            "source": {
                "type": "git",
                "url": "https://github.com/dg/adminer-custom.git",
                "reference": "c7ce0e546c5d8ee93fbcdb4528460ac2a741a0b3"
            },
            "dist": {
                "type": "zip",
                "url": "https://api.github.com/repos/dg/adminer-custom/zipball/c7ce0e546c5d8ee93fbcdb4528460ac2a741a0b3",
                "reference": "c7ce0e546c5d8ee93fbcdb4528460ac2a741a0b3",
                "shasum": ""
            },
            "type": "project",
            "notification-url": "https://packagist.org/downloads/",
            "description": "Customization for the best database management tool written in PHP, Adminer",
            "time": "2013-07-01 12:56:59"
        },
        {
            "name": "kdyby/bootstrap-form-renderer",
            "version": "dev-master",
            "source": {
                "type": "git",
                "url": "https://github.com/Kdyby/BootstrapFormRenderer.git",
                "reference": "b0f8131423281681023c6a4adf552006773e9b70"
            },
            "dist": {
                "type": "zip",
                "url": "https://api.github.com/repos/Kdyby/BootstrapFormRenderer/zipball/b0f8131423281681023c6a4adf552006773e9b70",
                "reference": "b0f8131423281681023c6a4adf552006773e9b70",
                "shasum": ""
            },
            "require": {
                "nette/nette": "@dev"
            },
            "require-dev": {
                "nette/tester": "@dev"
            },
            "type": "library",
            "autoload": {
                "psr-0": {
                    "Kdyby\\BootstrapFormRenderer\\": "src/"
                }
            },
            "notification-url": "https://packagist.org/downloads/",
            "license": [
                "BSD-3-Clause",
                "GPL-2.0",
                "GPL-3.0"
            ],
            "authors": [
                {
                    "name": "Filip Procházka",
                    "homepage": "http://filip-prochazka.com"
                }
            ],
            "description": "Nette forms renderer with bootstrap",
            "homepage": "http://kdyby.org",
            "keywords": [
                "Forms",
                "bootstrap",
                "kdyby",
                "nette"
            ],
            "time": "2013-12-26 21:28:47"
        },
        {
            "name": "nette/nette",
            "version": "v2.1.0",
            "source": {
                "type": "git",
                "url": "https://github.com/nette/nette.git",
                "reference": "e5af13a9d662972e9e34272771e52b832629bb91"
            },
            "dist": {
                "type": "zip",
                "url": "https://api.github.com/repos/nette/nette/zipball/e5af13a9d662972e9e34272771e52b832629bb91",
                "reference": "e5af13a9d662972e9e34272771e52b832629bb91",
                "shasum": ""
            },
            "require": {
                "ext-iconv": "*",
                "ext-tokenizer": "*",
                "php": ">=5.3.1"
            },
            "require-dev": {
                "nette/tester": "~0.9.5"
            },
            "suggest": {
                "ext-fileinfo": "*",
                "ext-gd": "*",
                "ext-mbstring": "*",
                "ext-pdo": "*"
            },
            "type": "library",
            "autoload": {
                "classmap": [
                    "Nette/"
                ],
                "files": [
                    "Nette/common/shortcuts.php"
                ]
            },
            "notification-url": "https://packagist.org/downloads/",
            "license": [
                "BSD-3-Clause",
                "GPL-2.0",
                "GPL-3.0"
            ],
            "authors": [
                {
                    "name": "David Grudl",
                    "homepage": "http://davidgrudl.com"
                },
                {
                    "name": "Nette Community",
                    "homepage": "http://nette.org/contributors"
                }
            ],
            "description": "Nette Framework - innovative framework for fast and easy development of secured web applications in PHP. Write less, have cleaner code and your work will bring you joy.",
            "homepage": "http://nette.org",
            "keywords": [
                "Forms",
                "database",
                "debugging",
                "framework",
                "mailing",
                "mvc",
                "templating"
            ],
            "time": "2013-12-31 00:08:21"
        },
        {
            "name": "o5/grido",
            "version": "dev-master",
            "source": {
                "type": "git",
                "url": "https://github.com/o5/grido.git",
                "reference": "2f779d9c92a1e72b316686e9b60121aec2ecc635"
            },
            "dist": {
                "type": "zip",
                "url": "https://api.github.com/repos/o5/grido/zipball/2f779d9c92a1e72b316686e9b60121aec2ecc635",
                "reference": "2f779d9c92a1e72b316686e9b60121aec2ecc635",
                "shasum": ""
            },
            "require": {
                "nette/nette": "~2.0",
                "php": ">=5.3"
            },
            "require-dev": {
                "dibi/dibi": "@dev",
                "mockery/mockery": "@dev",
                "nella/doctrine": "@dev",
                "nette/tester": "@dev"
            },
            "type": "library",
            "autoload": {
                "psr-0": {
                    "Grido": ""
                }
            },
            "notification-url": "https://packagist.org/downloads/",
            "license": [
                "BSD-3",
                "GPL-2.0",
                "GPL-3.0"
            ],
            "authors": [
                {
                    "name": "Petr Bugyík",
                    "homepage": "http://petr.bugyik.cz/",
                    "role": "Developer"
                }
            ],
            "description": "Grido - DataGrid for Nette Framework",
            "homepage": "http://o5.github.io/grido-sandbox/",
            "keywords": [
                "datagrid",
                "datalist",
                "grid",
                "list",
                "nette",
                "table",
                "tablegrid"
            ],
            "time": "2014-01-12 08:43:20"
        }
    ],
    "packages-dev": [
        {
            "name": "nette/tester",
            "version": "v0.9.5",
            "source": {
                "type": "git",
                "url": "https://github.com/nette/tester.git",
                "reference": "812b5ab2f59b0d742dd30035865467ec0b2f6ee7"
            },
            "dist": {
                "type": "zip",
                "url": "https://api.github.com/repos/nette/tester/zipball/812b5ab2f59b0d742dd30035865467ec0b2f6ee7",
                "reference": "812b5ab2f59b0d742dd30035865467ec0b2f6ee7",
                "shasum": ""
            },
            "require": {
                "php": ">=5.3.0"
            },
            "bin": [
                "Tester/tester",
                "Tester/coverage-report"
            ],
            "type": "library",
            "autoload": {
                "classmap": [
                    "Tester/"
                ]
            },
            "notification-url": "https://packagist.org/downloads/",
            "license": [
                "BSD-3-Clause",
                "GPL-2.0",
                "GPL-3.0"
            ],
            "authors": [
                {
                    "name": "David Grudl",
                    "homepage": "http://davidgrudl.com"
                },
                {
                    "name": "Nette Community",
                    "homepage": "http://nette.org/contributors"
                }
            ],
            "description": "An easy-to-use PHP Unit Testing framework.",
            "homepage": "http://nette.org",
            "keywords": [
                "nette",
                "testing",
                "unit"
            ],
            "time": "2013-12-30 23:49:37"
        }
    ],
    "aliases": [

    ],
    "minimum-stability": "stable",
    "stability-flags": {
        "o5/grido": 20,
        "kdyby/bootstrap-form-renderer": 20
    },
    "platform": {
        "php": ">= 5.3.0"
    },
    "platform-dev": [

    ]
}
